
Microsoft Visual Studio Solution File, Format Version 12.00
# Visual Studio 2013
VisualStudioVersion = 12.0.40629.0
MinimumVisualStudioVersion = 10.0.40219.1
Project("{FAE04EC0-301F-11D3-BF4B-00C04F79EFBC}") = "BookTicket", "BookTicket\BookTicket.csproj", "{CDE173F3-D818-4745-B695-0AFE048B4D70}"
EndProject
Global
	GlobalSection(SolutionConfigurationPlatforms) = preSolution
		Debug|Any CPU = Debug|Any CPU
		Release|Any CPU = Release|Any CPU
	EndGlobalSection
	GlobalSection(ProjectConfigurationPlatforms) = postSolution
		{CDE173F3-D818-4745-B695-0AFE048B4D70}.Debug|Any CPU.ActiveCfg = Debug|Any CPU
		{CDE173F3-D818-4745-B695-0AFE048B4D70}.Debug|Any CPU.Build.0 = Debug|Any CPU
		{CDE173F3-D818-4745-B695-0AFE048B4D70}.Release|Any CPU.ActiveCfg = Release|Any CPU
		{CDE173F3-D818-4745-B695-0AFE048B4D70}.Release|Any CPU.Build.0 = Release|Any CPU
	EndGlobalSection
	GlobalSection(SolutionProperties) = preSolution
		HideSolutionNode = FALSE
	EndGlobalSection
EndGlobal
